
Microsoft Visual Studio Solution File, Format Version 12.00
# Visual Studio Version 16
VisualStudioVersion = 16.0.30128.74
MinimumVisualStudioVersion = 10.0.40219.1
Project("{8BC9CEB8-8B4A-11D0-8D11-00A0C91BC942}") = "isopropyl", "framework\tf2_cheat.vcxproj", "{F35F8CA8-19CB-4637-827A-D8DDADA4EC2E}"
EndProject
Global
	GlobalSection(SolutionConfigurationPlatforms) = preSolution
		Debug|x86 = Debug|x86
		github-nochroma-pack|x86 = github-nochroma-pack|x86
		Release|x86 = Release|x86
		tggp - auto pack|x86 = tggp - auto pack|x86
		tggp - no chroma auto pack|x86 = tggp - no chroma auto pack|x86
	EndGlobalSection
	GlobalSection(ProjectConfigurationPlatforms) = postSolution
		{F35F8CA8-19CB-4637-827A-D8DDADA4EC2E}.Debug|x86.ActiveCfg = Debug|Win32
		{F35F8CA8-19CB-4637-827A-D8DDADA4EC2E}.Debug|x86.Build.0 = Debug|Win32
		{F35F8CA8-19CB-4637-827A-D8DDADA4EC2E}.github-nochroma-pack|x86.ActiveCfg = github-nochroma-pack|Win32
		{F35F8CA8-19CB-4637-827A-D8DDADA4EC2E}.github-nochroma-pack|x86.Build.0 = github-nochroma-pack|Win32
		{F35F8CA8-19CB-4637-827A-D8DDADA4EC2E}.Release|x86.ActiveCfg = Release|Win32
		{F35F8CA8-19CB-4637-827A-D8DDADA4EC2E}.Release|x86.Build.0 = Release|Win32
		{F35F8CA8-19CB-4637-827A-D8DDADA4EC2E}.tggp - auto pack|x86.ActiveCfg = tggp - auto pack|Win32
		{F35F8CA8-19CB-4637-827A-D8DDADA4EC2E}.tggp - auto pack|x86.Build.0 = tggp - auto pack|Win32
		{F35F8CA8-19CB-4637-827A-D8DDADA4EC2E}.tggp - no chroma auto pack|x86.ActiveCfg = tggp - no chroma auto pack|Win32
		{F35F8CA8-19CB-4637-827A-D8DDADA4EC2E}.tggp - no chroma auto pack|x86.Build.0 = tggp - no chroma auto pack|Win32
	EndGlobalSection
	GlobalSection(SolutionProperties) = preSolution
		HideSolutionNode = FALSE
	EndGlobalSection
	GlobalSection(ExtensibilityGlobals) = postSolution
		SolutionGuid = {254D70A4-B4BA-4A4E-8529-7EF690C84CDE}
	EndGlobalSection
EndGlobal
